
Microsoft Visual Studio Solution File, Format Version 12.00
# Visual Studio Version 17
VisualStudioVersion = 17.9.34701.34
MinimumVisualStudioVersion = 10.0.40219.1
Project("{FAE04EC0-301F-11D3-BF4B-00C04F79EFBC}") = "C# Course", "C# Course.csproj", "{F4388776-ADE3-4FA6-9485-44EB873BBEAA}"
EndProject
Global
	GlobalSection(SolutionConfigurationPlatforms) = preSolution
		Debug|Any CPU = Debug|Any CPU
		Release|Any CPU = Release|Any CPU
	EndGlobalSection
	GlobalSection(ProjectConfigurationPlatforms) = postSolution
		{F4388776-ADE3-4FA6-9485-44EB873BBEAA}.Debug|Any CPU.ActiveCfg = Debug|Any CPU
		{F4388776-ADE3-4FA6-9485-44EB873BBEAA}.Debug|Any CPU.Build.0 = Debug|Any CPU
		{F4388776-ADE3-4FA6-9485-44EB873BBEAA}.Release|Any CPU.ActiveCfg = Release|Any CPU
		{F4388776-ADE3-4FA6-9485-44EB873BBEAA}.Release|Any CPU.Build.0 = Release|Any CPU
	EndGlobalSection
	GlobalSection(SolutionProperties) = preSolution
		HideSolutionNode = FALSE
	EndGlobalSection
	GlobalSection(ExtensibilityGlobals) = postSolution
		SolutionGuid = {DEF190EE-F5FE-489A-B914-4397F14DC4F2}
	EndGlobalSection
EndGlobal
